
Microsoft Visual Studio Solution File, Format Version 12.00
# Visual Studio 15
VisualStudioVersion = 15.0.27703.2026
MinimumVisualStudioVersion = 10.0.40219.1
Project("{FAE04EC0-301F-11D3-BF4B-00C04F79EFBC}") = "ContosoCafe", "ContosoCafe\ContosoCafe.csproj", "{850AF132-4A8C-438B-842C-D69246E0637B}"
EndProject
Global
	GlobalSection(SolutionConfigurationPlatforms) = preSolution
		Debug|Any CPU = Debug|Any CPU
		Release|Any CPU = Release|Any CPU
	EndGlobalSection
	GlobalSection(ProjectConfigurationPlatforms) = postSolution
		{850AF132-4A8C-438B-842C-D69246E0637B}.Debug|Any CPU.ActiveCfg = Debug|Any CPU
		{850AF132-4A8C-438B-842C-D69246E0637B}.Debug|Any CPU.Build.0 = Debug|Any CPU
		{850AF132-4A8C-438B-842C-D69246E0637B}.Release|Any CPU.ActiveCfg = Release|Any CPU
		{850AF132-4A8C-438B-842C-D69246E0637B}.Release|Any CPU.Build.0 = Release|Any CPU
	EndGlobalSection
	GlobalSection(SolutionProperties) = preSolution
		HideSolutionNode = FALSE
	EndGlobalSection
	GlobalSection(ExtensibilityGlobals) = postSolution
		SolutionGuid = {AC6CE279-D437-4CF7-ACF9-C0C72A109252}
	EndGlobalSection
EndGlobal
